
Microsoft Visual Studio Solution File, Format Version 12.00
# Visual Studio Version 17
VisualStudioVersion = 17.11.35303.130
MinimumVisualStudioVersion = 10.0.40219.1
Project("{2150E333-8FDC-42A3-9474-1A3956D46DE8}") = "Task0", "Task0", "{D02E585C-2EE8-4368-A0B3-31A76815312A}"
EndProject
Project("{9A19103F-16F7-4668-BE54-9A1E7A4F7556}") = "ConsoleApp1", "ConsoleApp1\ConsoleApp1.csproj", "{BE5A4768-AAF6-4597-87A0-43B35E80000C}"
EndProject
Project("{9A19103F-16F7-4668-BE54-9A1E7A4F7556}") = "Tyuiu.ChigurovMV.Sprint4.Task0.V4", "Tyuiu.ChigurovMV.Sprint4.Task0.V4\Tyuiu.ChigurovMV.Sprint4.Task0.V4.csproj", "{DFC47615-BC98-40B1-8C36-C61FA24B269B}"
EndProject
Project("{9A19103F-16F7-4668-BE54-9A1E7A4F7556}") = "Tyuiu.ChigurovMV.Sprint4.Task0.V4.Test", "Tyuiu.ChigurovMV.Sprint4.Task0.V4.Test\Tyuiu.ChigurovMV.Sprint4.Task0.V4.Test.csproj", "{0E49B23A-9130-42FE-851B-D8FDB5B97CE9}"
EndProject
Project("{9A19103F-16F7-4668-BE54-9A1E7A4F7556}") = "Tyuiu.ChigurovMV.Sprint4.Task0.V4.Lib", "Tyuiu.ChigurovMV.Sprint4.Task0.V4.Lib\Tyuiu.ChigurovMV.Sprint4.Task0.V4.Lib.csproj", "{558D4E0A-BC60-46BD-BBE8-B3F6763AE8B1}"
EndProject
Project("{2150E333-8FDC-42A3-9474-1A3956D46DE8}") = "Task1", "Task1", "{52005F22-0DE6-4679-ABF3-0E487BF0A604}"
EndProject
Project("{9A19103F-16F7-4668-BE54-9A1E7A4F7556}") = "Tyuiu.ChigurovMV.Sprint4.Task1.V9.Lib", "Tyuiu.ChigurovMV.Sprint4.Task1.V9.Lib\Tyuiu.ChigurovMV.Sprint4.Task1.V9.Lib.csproj", "{11E9B0BE-1BF4-4E6A-9E4B-1F94584548EF}"
EndProject
Project("{9A19103F-16F7-4668-BE54-9A1E7A4F7556}") = "Tyuiu.ChigurovMV.Sprint4.Task1.V9.Test", "Tyuiu.ChigurovMV.Sprint4.Task1.V9.Test\Tyuiu.ChigurovMV.Sprint4.Task1.V9.Test.csproj", "{ACA82CB0-8965-4D41-861D-4B4DBEE64B82}"
EndProject
Project("{9A19103F-16F7-4668-BE54-9A1E7A4F7556}") = "Tyuiu.ChigurovMV.Sprint4.Task1.V9", "Tyuiu.ChigurovMV.Sprint4.Task1.V9\Tyuiu.ChigurovMV.Sprint4.Task1.V9.csproj", "{45C17536-2F71-4CD0-81D1-6EC82FB500B6}"
EndProject
Project("{2150E333-8FDC-42A3-9474-1A3956D46DE8}") = "Task2", "Task2", "{12A65F4C-926C-4933-A155-F52A32632DD5}"
EndProject
Project("{9A19103F-16F7-4668-BE54-9A1E7A4F7556}") = "Tyuiu.ChigurovMV.Sprint4.Task2.V19", "Tyuiu.ChigurovMV.Sprint4.Task2.V19\Tyuiu.ChigurovMV.Sprint4.Task2.V19.csproj", "{B24AE810-F4C9-4423-9F4E-1B20AE45C613}"
EndProject
Project("{9A19103F-16F7-4668-BE54-9A1E7A4F7556}") = "Tyuiu.ChigurovMV.Sprint4.Task2.V19.Test", "Tyuiu.ChigurovMV.Sprint4.Task2.V19.Test\Tyuiu.ChigurovMV.Sprint4.Task2.V19.Test.csproj", "{E9558B92-463B-4DBA-96A3-F7680C686200}"
EndProject
Project("{9A19103F-16F7-4668-BE54-9A1E7A4F7556}") = "Tyuiu.ChigurovMV.Sprint4.Task2.V19.Lib", "Tyuiu.ChigurovMV.Sprint4.Task2.V19.Lib\Tyuiu.ChigurovMV.Sprint4.Task2.V19.Lib.csproj", "{E630FC94-ED38-4F84-B4E1-886EA5880518}"
EndProject
Project("{2150E333-8FDC-42A3-9474-1A3956D46DE8}") = "Task3", "Task3", "{CE4C5EFE-902D-49D4-B472-1E96D83E0863}"
EndProject
Project("{9A19103F-16F7-4668-BE54-9A1E7A4F7556}") = "Tyuiu.ChigurovMV.Sprint4.Task3.V25", "Tyuiu.ChigurovMV.Sprint4.Task3.V25\Tyuiu.ChigurovMV.Sprint4.Task3.V25.csproj", "{EEDFE3F7-1DE9-4663-BB13-963251D5ECD0}"
EndProject
Project("{9A19103F-16F7-4668-BE54-9A1E7A4F7556}") = "Tyuiu.ChigurovMV.Sprint4.Task3.V25.Lib", "Tyuiu.ChigurovMV.Sprint4.Task3.V25.Lib\Tyuiu.ChigurovMV.Sprint4.Task3.V25.Lib.csproj", "{EADB6603-288B-432B-B3F3-CAD8F2405E7E}"
EndProject
Project("{9A19103F-16F7-4668-BE54-9A1E7A4F7556}") = "Tyuiu.ChigurovMV.Sprint4.Task3.V25.Test", "Tyuiu.ChigurovMV.Sprint4.Task3.V25.Test\Tyuiu.ChigurovMV.Sprint4.Task3.V25.Test.csproj", "{2470A1CE-A596-4DC8-AF03-55607C182014}"
EndProject
Project("{2150E333-8FDC-42A3-9474-1A3956D46DE8}") = "Task4", "Task4", "{7C731468-F155-4E31-BBB1-B498D5EDF8D8}"
EndProject
Project("{9A19103F-16F7-4668-BE54-9A1E7A4F7556}") = "Tyuiu.ChigurovMV.Sprint4.Task4.V16", "Tyuiu.ChigurovMV.Sprint4.Task4.V16\Tyuiu.ChigurovMV.Sprint4.Task4.V16.csproj", "{25002DD1-A3B4-4A41-A42F-0F0D64F71AF6}"
EndProject
Project("{9A19103F-16F7-4668-BE54-9A1E7A4F7556}") = "Tyuiu.ChigurovMV.Sprint4.Task4.V16.Test", "Tyuiu.ChigurovMV.Sprint4.Task4.V16.Test\Tyuiu.ChigurovMV.Sprint4.Task4.V16.Test.csproj", "{C4C4533A-C5BF-4AE8-8574-982BB348C7B7}"
EndProject
Project("{9A19103F-16F7-4668-BE54-9A1E7A4F7556}") = "Tyuiu.ChigurovMV.Sprint4.Task4.V16.Lib", "Tyuiu.ChigurovMV.Sprint4.Task4.V16.Lib\Tyuiu.ChigurovMV.Sprint4.Task4.V16.Lib.csproj", "{380616CD-D473-40FC-A8E3-9E839DFCC551}"
EndProject
Project("{2150E333-8FDC-42A3-9474-1A3956D46DE8}") = "Task5", "Task5", "{1A4492A3-DB62-4D79-985A-56639B26B725}"
EndProject
Project("{FAE04EC0-301F-11D3-BF4B-00C04F79EFBC}") = "Tyuiu.ChigurovMV.Sprint4.Task5.V1", "Tyuiu.ChigurovMV.Sprint4.Task5.V1\Tyuiu.ChigurovMV.Sprint4.Task5.V1.csproj", "{B8903A70-1A92-4458-A912-08418BE1425B}"
EndProject
Project("{FAE04EC0-301F-11D3-BF4B-00C04F79EFBC}") = "Tyuiu.ChigurovMV.Sprint4.Task5.V1.Lib", "Tyuiu.ChigurovMV.Sprint4.Task5.V1.Lib\Tyuiu.ChigurovMV.Sprint4.Task5.V1.Lib.csproj", "{0DD4175E-14B2-4FD8-9851-009F8634374C}"
EndProject
Project("{FAE04EC0-301F-11D3-BF4B-00C04F79EFBC}") = "Tyuiu.ChigurovMV.Sprint4.Task5.V1.Test", "Tyuiu.ChigurovMV.Sprint4.Task5.V1.Test\Tyuiu.ChigurovMV.Sprint4.Task5.V1.Test.csproj", "{870046C3-9128-4E98-ADEB-F96B6632B837}"
EndProject
Global
	GlobalSection(SolutionConfigurationPlatforms) = preSolution
		Debug|Any CPU = Debug|Any CPU
		Release|Any CPU = Release|Any CPU
	EndGlobalSection
	GlobalSection(ProjectConfigurationPlatforms) = postSolution
		{BE5A4768-AAF6-4597-87A0-43B35E80000C}.Debug|Any CPU.ActiveCfg = Debug|Any CPU
		{BE5A4768-AAF6-4597-87A0-43B35E80000C}.Debug|Any CPU.Build.0 = Debug|Any CPU
		{BE5A4768-AAF6-4597-87A0-43B35E80000C}.Release|Any CPU.ActiveCfg = Release|Any CPU
		{BE5A4768-AAF6-4597-87A0-43B35E80000C}.Release|Any CPU.Build.0 = Release|Any CPU
		{DFC47615-BC98-40B1-8C36-C61FA24B269B}.Debug|Any CPU.ActiveCfg = Debug|Any CPU
		{DFC47615-BC98-40B1-8C36-C61FA24B269B}.Debug|Any CPU.Build.0 = Debug|Any CPU
		{DFC47615-BC98-40B1-8C36-C61FA24B269B}.Release|Any CPU.ActiveCfg = Release|Any CPU
		{DFC47615-BC98-40B1-8C36-C61FA24B269B}.Release|Any CPU.Build.0 = Release|Any CPU
		{0E49B23A-9130-42FE-851B-D8FDB5B97CE9}.Debug|Any CPU.ActiveCfg = Debug|Any CPU
		{0E49B23A-9130-42FE-851B-D8FDB5B97CE9}.Debug|Any CPU.Build.0 = Debug|Any CPU
		{0E49B23A-9130-42FE-851B-D8FDB5B97CE9}.Release|Any CPU.ActiveCfg = Release|Any CPU
		{0E49B23A-9130-42FE-851B-D8FDB5B97CE9}.Release|Any CPU.Build.0 = Release|Any CPU
		{558D4E0A-BC60-46BD-BBE8-B3F6763AE8B1}.Debug|Any CPU.ActiveCfg = Debug|Any CPU
		{558D4E0A-BC60-46BD-BBE8-B3F6763AE8B1}.Debug|Any CPU.Build.0 = Debug|Any CPU
		{558D4E0A-BC60-46BD-BBE8-B3F6763AE8B1}.Release|Any CPU.ActiveCfg = Release|Any CPU
		{558D4E0A-BC60-46BD-BBE8-B3F6763AE8B1}.Release|Any CPU.Build.0 = Release|Any CPU
		{11E9B0BE-1BF4-4E6A-9E4B-1F94584548EF}.Debug|Any CPU.ActiveCfg = Debug|Any CPU
		{11E9B0BE-1BF4-4E6A-9E4B-1F94584548EF}.Debug|Any CPU.Build.0 = Debug|Any CPU
		{11E9B0BE-1BF4-4E6A-9E4B-1F94584548EF}.Release|Any CPU.ActiveCfg = Release|Any CPU
		{11E9B0BE-1BF4-4E6A-9E4B-1F94584548EF}.Release|Any CPU.Build.0 = Release|Any CPU
		{ACA82CB0-8965-4D41-861D-4B4DBEE64B82}.Debug|Any CPU.ActiveCfg = Debug|Any CPU
		{ACA82CB0-8965-4D41-861D-4B4DBEE64B82}.Debug|Any CPU.Build.0 = Debug|Any CPU
		{ACA82CB0-8965-4D41-861D-4B4DBEE64B82}.Release|Any CPU.ActiveCfg = Release|Any CPU
		{ACA82CB0-8965-4D41-861D-4B4DBEE64B82}.Release|Any CPU.Build.0 = Release|Any CPU
		{45C17536-2F71-4CD0-81D1-6EC82FB500B6}.Debug|Any CPU.ActiveCfg = Debug|Any CPU
		{45C17536-2F71-4CD0-81D1-6EC82FB500B6}.Debug|Any CPU.Build.0 = Debug|Any CPU
		{45C17536-2F71-4CD0-81D1-6EC82FB500B6}.Release|Any CPU.ActiveCfg = Release|Any CPU
		{45C17536-2F71-4CD0-81D1-6EC82FB500B6}.Release|Any CPU.Build.0 = Release|Any CPU
		{B24AE810-F4C9-4423-9F4E-1B20AE45C613}.Debug|Any CPU.ActiveCfg = Debug|Any CPU
		{B24AE810-F4C9-4423-9F4E-1B20AE45C613}.Debug|Any CPU.Build.0 = Debug|Any CPU
		{B24AE810-F4C9-4423-9F4E-1B20AE45C613}.Release|Any CPU.ActiveCfg = Release|Any CPU
		{B24AE810-F4C9-4423-9F4E-1B20AE45C613}.Release|Any CPU.Build.0 = Release|Any CPU
		{E9558B92-463B-4DBA-96A3-F7680C686200}.Debug|Any CPU.ActiveCfg = Debug|Any CPU
		{E9558B92-463B-4DBA-96A3-F7680C686200}.Debug|Any CPU.Build.0 = Debug|Any CPU
		{E9558B92-463B-4DBA-96A3-F7680C686200}.Release|Any CPU.ActiveCfg = Release|Any CPU
		{E9558B92-463B-4DBA-96A3-F7680C686200}.Release|Any CPU.Build.0 = Release|Any CPU
		{E630FC94-ED38-4F84-B4E1-886EA5880518}.Debug|Any CPU.ActiveCfg = Debug|Any CPU
		{E630FC94-ED38-4F84-B4E1-886EA5880518}.Debug|Any CPU.Build.0 = Debug|Any CPU
		{E630FC94-ED38-4F84-B4E1-886EA5880518}.Release|Any CPU.ActiveCfg = Release|Any CPU
		{E630FC94-ED38-4F84-B4E1-886EA5880518}.Release|Any CPU.Build.0 = Release|Any CPU
		{EEDFE3F7-1DE9-4663-BB13-963251D5ECD0}.Debug|Any CPU.ActiveCfg = Debug|Any CPU
		{EEDFE3F7-1DE9-4663-BB13-963251D5ECD0}.Debug|Any CPU.Build.0 = Debug|Any CPU
		{EEDFE3F7-1DE9-4663-BB13-963251D5ECD0}.Release|Any CPU.ActiveCfg = Release|Any CPU
		{EEDFE3F7-1DE9-4663-BB13-963251D5ECD0}.Release|Any CPU.Build.0 = Release|Any CPU
		{EADB6603-288B-432B-B3F3-CAD8F2405E7E}.Debug|Any CPU.ActiveCfg = Debug|Any CPU
		{EADB6603-288B-432B-B3F3-CAD8F2405E7E}.Debug|Any CPU.Build.0 = Debug|Any CPU
		{EADB6603-288B-432B-B3F3-CAD8F2405E7E}.Release|Any CPU.ActiveCfg = Release|Any CPU
		{EADB6603-288B-432B-B3F3-CAD8F2405E7E}.Release|Any CPU.Build.0 = Release|Any CPU
		{2470A1CE-A596-4DC8-AF03-55607C182014}.Debug|Any CPU.ActiveCfg = Debug|Any CPU
		{2470A1CE-A596-4DC8-AF03-55607C182014}.Debug|Any CPU.Build.0 = Debug|Any CPU
		{2470A1CE-A596-4DC8-AF03-55607C182014}.Release|Any CPU.ActiveCfg = Release|Any CPU
		{2470A1CE-A596-4DC8-AF03-55607C182014}.Release|Any CPU.Build.0 = Release|Any CPU
		{25002DD1-A3B4-4A41-A42F-0F0D64F71AF6}.Debug|Any CPU.ActiveCfg = Debug|Any CPU
		{25002DD1-A3B4-4A41-A42F-0F0D64F71AF6}.Debug|Any CPU.Build.0 = Debug|Any CPU
		{25002DD1-A3B4-4A41-A42F-0F0D64F71AF6}.Release|Any CPU.ActiveCfg = Release|Any CPU
		{25002DD1-A3B4-4A41-A42F-0F0D64F71AF6}.Release|Any CPU.Build.0 = Release|Any CPU
		{C4C4533A-C5BF-4AE8-8574-982BB348C7B7}.Debug|Any CPU.ActiveCfg = Debug|Any CPU
		{C4C4533A-C5BF-4AE8-8574-982BB348C7B7}.Debug|Any CPU.Build.0 = Debug|Any CPU
		{C4C4533A-C5BF-4AE8-8574-982BB348C7B7}.Release|Any CPU.ActiveCfg = Release|Any CPU
		{C4C4533A-C5BF-4AE8-8574-982BB348C7B7}.Release|Any CPU.Build.0 = Release|Any CPU
		{380616CD-D473-40FC-A8E3-9E839DFCC551}.Debug|Any CPU.ActiveCfg = Debug|Any CPU
		{380616CD-D473-40FC-A8E3-9E839DFCC551}.Debug|Any CPU.Build.0 = Debug|Any CPU
		{380616CD-D473-40FC-A8E3-9E839DFCC551}.Release|Any CPU.ActiveCfg = Release|Any CPU
		{380616CD-D473-40FC-A8E3-9E839DFCC551}.Release|Any CPU.Build.0 = Release|Any CPU
		{B8903A70-1A92-4458-A912-08418BE1425B}.Debug|Any CPU.ActiveCfg = Debug|Any CPU
		{B8903A70-1A92-4458-A912-08418BE1425B}.Debug|Any CPU.Build.0 = Debug|Any CPU
		{B8903A70-1A92-4458-A912-08418BE1425B}.Release|Any CPU.ActiveCfg = Release|Any CPU
		{B8903A70-1A92-4458-A912-08418BE1425B}.Release|Any CPU.Build.0 = Release|Any CPU
		{0DD4175E-14B2-4FD8-9851-009F8634374C}.Debug|Any CPU.ActiveCfg = Debug|Any CPU
		{0DD4175E-14B2-4FD8-9851-009F8634374C}.Debug|Any CPU.Build.0 = Debug|Any CPU
		{0DD4175E-14B2-4FD8-9851-009F8634374C}.Release|Any CPU.ActiveCfg = Release|Any CPU
		{0DD4175E-14B2-4FD8-9851-009F8634374C}.Release|Any CPU.Build.0 = Release|Any CPU
		{870046C3-9128-4E98-ADEB-F96B6632B837}.Debug|Any CPU.ActiveCfg = Debug|Any CPU
		{870046C3-9128-4E98-ADEB-F96B6632B837}.Debug|Any CPU.Build.0 = Debug|Any CPU
		{870046C3-9128-4E98-ADEB-F96B6632B837}.Release|Any CPU.ActiveCfg = Release|Any CPU
		{870046C3-9128-4E98-ADEB-F96B6632B837}.Release|Any CPU.Build.0 = Release|Any CPU
	EndGlobalSection
	GlobalSection(SolutionProperties) = preSolution
		HideSolutionNode = FALSE
	EndGlobalSection
	GlobalSection(NestedProjects) = preSolution
		{DFC47615-BC98-40B1-8C36-C61FA24B269B} = {D02E585C-2EE8-4368-A0B3-31A76815312A}
		{0E49B23A-9130-42FE-851B-D8FDB5B97CE9} = {D02E585C-2EE8-4368-A0B3-31A76815312A}
		{558D4E0A-BC60-46BD-BBE8-B3F6763AE8B1} = {D02E585C-2EE8-4368-A0B3-31A76815312A}
		{11E9B0BE-1BF4-4E6A-9E4B-1F94584548EF} = {52005F22-0DE6-4679-ABF3-0E487BF0A604}
		{ACA82CB0-8965-4D41-861D-4B4DBEE64B82} = {52005F22-0DE6-4679-ABF3-0E487BF0A604}
		{45C17536-2F71-4CD0-81D1-6EC82FB500B6} = {52005F22-0DE6-4679-ABF3-0E487BF0A604}
		{B24AE810-F4C9-4423-9F4E-1B20AE45C613} = {12A65F4C-926C-4933-A155-F52A32632DD5}
		{E9558B92-463B-4DBA-96A3-F7680C686200} = {12A65F4C-926C-4933-A155-F52A32632DD5}
		{E630FC94-ED38-4F84-B4E1-886EA5880518} = {12A65F4C-926C-4933-A155-F52A32632DD5}
		{EEDFE3F7-1DE9-4663-BB13-963251D5ECD0} = {CE4C5EFE-902D-49D4-B472-1E96D83E0863}
		{EADB6603-288B-432B-B3F3-CAD8F2405E7E} = {CE4C5EFE-902D-49D4-B472-1E96D83E0863}
		{2470A1CE-A596-4DC8-AF03-55607C182014} = {CE4C5EFE-902D-49D4-B472-1E96D83E0863}
		{25002DD1-A3B4-4A41-A42F-0F0D64F71AF6} = {7C731468-F155-4E31-BBB1-B498D5EDF8D8}
		{C4C4533A-C5BF-4AE8-8574-982BB348C7B7} = {7C731468-F155-4E31-BBB1-B498D5EDF8D8}
		{380616CD-D473-40FC-A8E3-9E839DFCC551} = {7C731468-F155-4E31-BBB1-B498D5EDF8D8}
		{B8903A70-1A92-4458-A912-08418BE1425B} = {1A4492A3-DB62-4D79-985A-56639B26B725}
		{0DD4175E-14B2-4FD8-9851-009F8634374C} = {1A4492A3-DB62-4D79-985A-56639B26B725}
		{870046C3-9128-4E98-ADEB-F96B6632B837} = {1A4492A3-DB62-4D79-985A-56639B26B725}
	EndGlobalSection
	GlobalSection(ExtensibilityGlobals) = postSolution
		SolutionGuid = {1BB92EB0-D692-47CF-B403-670C3D844430}
	EndGlobalSection
EndGlobal
